{
  "sources": {
    "apt": {
      "locked_version": "2.3.4"
    },
    "build-essential": {
      "locked_version": "1.4.2"
    },
    "ruby_build": {
      "locked_version": "0.8.0"
    },
    "rbenv": {
      "locked_version": "0.7.2",
      "git": "git@github.com:fnichol/chef-rbenv.git",
      "ref": "f2b53292e810dd2b43f6121f9958f5f29979dcb1"
    },
    "nodejs": {
      "locked_version": "1.3.0"
    },
    "openssl": {
      "locked_version": "1.1.0"
    },
    "postgresql": {
      "locked_version": "3.3.4"
    },
    "quill": {
      "locked_version": "1.0.0",
      "git": "git@github.com:empirical-org/quill-cookbooks",
      "ref": "d0c9e090df6bd0b511f2e330f7e62c5639a68642"
    },
    "rbenv-vars": {
      "locked_version": "0.1.1",
      "git": "git@github.com:hecticjeff/chef-rbenv-vars.git",
      "ref": "776420a6c041f359b7700126de690713c6cd3c2f"
    },
    "java": {
      "locked_version": "1.18.0"
    },
    "yum": {
      "locked_version": "3.0.4"
    }
  }
}
