{
  "name": "quill-cdn",
  "version": "1.0.0",
  "lockfileVersion": 2,
  "requires": true,
  "packages": {
    "": {
      "name": "quill-cdn",
      "version": "1.0.0",
      "license": "ISC",
      "devDependencies": {},
      "engines": {
        "node": "14.x",
        "npm": "8.x"
      }
    }
  }
}
